
Microsoft Visual Studio Solution File, Format Version 12.00
# Visual Studio 2012
Project("{FAE04EC0-301F-11D3-BF4B-00C04F79EFBC}") = "TypedDataSetDemo1", "TypedDataSetDemo2\TypedDataSetDemo1.csproj", "{F60CBEDC-2E47-43BA-9011-200D60C44C28}"
EndProject
Project("{FAE04EC0-301F-11D3-BF4B-00C04F79EFBC}") = "DataAccessLibrary", "DataAccessLibrary\DataAccessLibrary.csproj", "{58511C58-C32C-46C7-9CD4-14B9AAAFAAA0}"
EndProject
Global
	GlobalSection(SolutionConfigurationPlatforms) = preSolution
		Debug|Any CPU = Debug|Any CPU
		Release|Any CPU = Release|Any CPU
	EndGlobalSection
	GlobalSection(ProjectConfigurationPlatforms) = postSolution
		{F60CBEDC-2E47-43BA-9011-200D60C44C28}.Debug|Any CPU.ActiveCfg = Debug|Any CPU
		{F60CBEDC-2E47-43BA-9011-200D60C44C28}.Debug|Any CPU.Build.0 = Debug|Any CPU
		{F60CBEDC-2E47-43BA-9011-200D60C44C28}.Release|Any CPU.ActiveCfg = Release|Any CPU
		{F60CBEDC-2E47-43BA-9011-200D60C44C28}.Release|Any CPU.Build.0 = Release|Any CPU
		{58511C58-C32C-46C7-9CD4-14B9AAAFAAA0}.Debug|Any CPU.ActiveCfg = Debug|Any CPU
		{58511C58-C32C-46C7-9CD4-14B9AAAFAAA0}.Debug|Any CPU.Build.0 = Debug|Any CPU
		{58511C58-C32C-46C7-9CD4-14B9AAAFAAA0}.Release|Any CPU.ActiveCfg = Release|Any CPU
		{58511C58-C32C-46C7-9CD4-14B9AAAFAAA0}.Release|Any CPU.Build.0 = Release|Any CPU
	EndGlobalSection
	GlobalSection(SolutionProperties) = preSolution
		HideSolutionNode = FALSE
	EndGlobalSection
EndGlobal
